
Microsoft Visual Studio Solution File, Format Version 12.00
# Visual Studio Version 17
VisualStudioVersion = 17.14.36203.30 d17.14
MinimumVisualStudioVersion = 10.0.40219.1
Project("{FAE04EC0-301F-11D3-BF4B-00C04F79EFBC}") = "ParProg5", "ParProg5\ParProg5.csproj", "{5D3530DE-E8CD-4CB4-AD24-9AD0F44B44EF}"
EndProject
Global
	GlobalSection(SolutionConfigurationPlatforms) = preSolution
		Debug|Any CPU = Debug|Any CPU
		Release|Any CPU = Release|Any CPU
	EndGlobalSection
	GlobalSection(ProjectConfigurationPlatforms) = postSolution
		{5D3530DE-E8CD-4CB4-AD24-9AD0F44B44EF}.Debug|Any CPU.ActiveCfg = Debug|Any CPU
		{5D3530DE-E8CD-4CB4-AD24-9AD0F44B44EF}.Debug|Any CPU.Build.0 = Debug|Any CPU
		{5D3530DE-E8CD-4CB4-AD24-9AD0F44B44EF}.Release|Any CPU.ActiveCfg = Release|Any CPU
		{5D3530DE-E8CD-4CB4-AD24-9AD0F44B44EF}.Release|Any CPU.Build.0 = Release|Any CPU
	EndGlobalSection
	GlobalSection(SolutionProperties) = preSolution
		HideSolutionNode = FALSE
	EndGlobalSection
	GlobalSection(ExtensibilityGlobals) = postSolution
		SolutionGuid = {846F6260-8E46-41B5-BE85-5A2386323994}
	EndGlobalSection
EndGlobal
