
Microsoft Visual Studio Solution File, Format Version 12.00
# Visual Studio Version 17
VisualStudioVersion = 17.13.35931.197 d17.13
MinimumVisualStudioVersion = 10.0.40219.1
Project("{FAE04EC0-301F-11D3-BF4B-00C04F79EFBC}") = "Løkker", "Løkker\Løkker.csproj", "{F78ED61B-78C7-4B72-A84E-05EFCCC87ACB}"
EndProject
Global
	GlobalSection(SolutionConfigurationPlatforms) = preSolution
		Debug|Any CPU = Debug|Any CPU
		Release|Any CPU = Release|Any CPU
	EndGlobalSection
	GlobalSection(ProjectConfigurationPlatforms) = postSolution
		{F78ED61B-78C7-4B72-A84E-05EFCCC87ACB}.Debug|Any CPU.ActiveCfg = Debug|Any CPU
		{F78ED61B-78C7-4B72-A84E-05EFCCC87ACB}.Debug|Any CPU.Build.0 = Debug|Any CPU
		{F78ED61B-78C7-4B72-A84E-05EFCCC87ACB}.Release|Any CPU.ActiveCfg = Release|Any CPU
		{F78ED61B-78C7-4B72-A84E-05EFCCC87ACB}.Release|Any CPU.Build.0 = Release|Any CPU
	EndGlobalSection
	GlobalSection(SolutionProperties) = preSolution
		HideSolutionNode = FALSE
	EndGlobalSection
	GlobalSection(ExtensibilityGlobals) = postSolution
		SolutionGuid = {AD9E0308-66DC-4C15-8D0E-A76D5524C317}
	EndGlobalSection
EndGlobal
